
Microsoft Visual Studio Solution File, Format Version 12.00
# Visual Studio 15
VisualStudioVersion = 15.0.28010.0
MinimumVisualStudioVersion = 10.0.40219.1
Project("{FAE04EC0-301F-11D3-BF4B-00C04F79EFBC}") = "GOoDcast.Test", "GOoDcast.Test\GOoDcast.Test.csproj", "{24746361-5874-4D29-88A4-5006D387AB5E}"
EndProject
Project("{FAE04EC0-301F-11D3-BF4B-00C04F79EFBC}") = "GOoDcast", "GOoDcast\GOoDcast.csproj", "{20F6F349-163D-4ACF-A13E-CCC5C16F4952}"
EndProject
Global
	GlobalSection(SolutionConfigurationPlatforms) = preSolution
		Debug|Any CPU = Debug|Any CPU
		Release|Any CPU = Release|Any CPU
	EndGlobalSection
	GlobalSection(ProjectConfigurationPlatforms) = postSolution
		{24746361-5874-4D29-88A4-5006D387AB5E}.Debug|Any CPU.ActiveCfg = Debug|Any CPU
		{24746361-5874-4D29-88A4-5006D387AB5E}.Debug|Any CPU.Build.0 = Debug|Any CPU
		{24746361-5874-4D29-88A4-5006D387AB5E}.Release|Any CPU.ActiveCfg = Release|Any CPU
		{24746361-5874-4D29-88A4-5006D387AB5E}.Release|Any CPU.Build.0 = Release|Any CPU
		{20F6F349-163D-4ACF-A13E-CCC5C16F4952}.Debug|Any CPU.ActiveCfg = Debug|Any CPU
		{20F6F349-163D-4ACF-A13E-CCC5C16F4952}.Debug|Any CPU.Build.0 = Debug|Any CPU
		{20F6F349-163D-4ACF-A13E-CCC5C16F4952}.Release|Any CPU.ActiveCfg = Release|Any CPU
		{20F6F349-163D-4ACF-A13E-CCC5C16F4952}.Release|Any CPU.Build.0 = Release|Any CPU
	EndGlobalSection
	GlobalSection(SolutionProperties) = preSolution
		HideSolutionNode = FALSE
	EndGlobalSection
	GlobalSection(ExtensibilityGlobals) = postSolution
		SolutionGuid = {A4AED2CF-B732-493B-90D1-D2509B450E4C}
	EndGlobalSection
EndGlobal
